
Microsoft Visual Studio Solution File, Format Version 12.00
# Visual Studio 15
VisualStudioVersion = 15.0.27428.2002
MinimumVisualStudioVersion = 10.0.40219.1
Project("{FAE04EC0-301F-11D3-BF4B-00C04F79EFBC}") = "Pramati_Mask_PDF", "Pramati_Mask_PDF\Pramati_Mask_PDF.csproj", "{C368E718-7069-40AD-9300-FC18AD3160E8}"
EndProject
Global
	GlobalSection(SolutionConfigurationPlatforms) = preSolution
		Debug|Any CPU = Debug|Any CPU
		Release|Any CPU = Release|Any CPU
	EndGlobalSection
	GlobalSection(ProjectConfigurationPlatforms) = postSolution
		{C368E718-7069-40AD-9300-FC18AD3160E8}.Debug|Any CPU.ActiveCfg = Debug|Any CPU
		{C368E718-7069-40AD-9300-FC18AD3160E8}.Debug|Any CPU.Build.0 = Debug|Any CPU
		{C368E718-7069-40AD-9300-FC18AD3160E8}.Release|Any CPU.ActiveCfg = Release|Any CPU
		{C368E718-7069-40AD-9300-FC18AD3160E8}.Release|Any CPU.Build.0 = Release|Any CPU
	EndGlobalSection
	GlobalSection(SolutionProperties) = preSolution
		HideSolutionNode = FALSE
	EndGlobalSection
	GlobalSection(ExtensibilityGlobals) = postSolution
		SolutionGuid = {3EAA12D1-4D12-4189-90ED-194364D5A743}
	EndGlobalSection
EndGlobal
